{
  "requires": true,
  "lockfileVersion": 1,
  "dependencies": {
    "svelte-router-spa": {
      "version": "6.0.2",
      "resolved": "https://registry.npmjs.org/svelte-router-spa/-/svelte-router-spa-6.0.2.tgz",
      "integrity": "sha512-ySs/2TnjdLnvo0tHfdJsRPhPl0Mj4/h2qi0Zb8t4zC+BBBaCr6cZc7MtRfgzD4IMp80Nqe7ZXd/hCJuHSGtf5A==",
      "requires": {
        "url-params-parser": "^1.0.3"
      }
    },
    "url-params-parser": {
      "version": "1.0.4",
      "resolved": "https://registry.npmjs.org/url-params-parser/-/url-params-parser-1.0.4.tgz",
      "integrity": "sha512-0m6BqGpY2OetTZ3UPTLKkbTfUHigsX2YhrzORT9iYiyUJ/SP2WJ3cggg2YWtvMs36GPwK9Q44ffddyarniu2Tg=="
    }
  }
}
